<?xml version="1.0" encoding="utf-8"?>
<Project ToolsVersion="4.0" xmlns="http://schemas.microsoft.com/developer/msbuild/2003">
  <ItemGroup>
    <Filter Include="Quelldateien">
      <UniqueIdentifier>{4FC737F1-C7A5-4376-A066-2A32D752A2FF}</UniqueIdentifier>
      <Extensions>cpp;c;cc;cxx;def;odl;idl;hpj;bat;asm;asmx</Extensions>
    </Filter>
    <Filter Include="Headerdateien">
      <UniqueIdentifier>{93995380-89BD-4b04-88EB-625FBE52EBFB}</UniqueIdentifier>
      <Extensions>h;hh;hpp;hxx;hm;inl;inc;ipp;xsd</Extensions>
    </Filter>
    <Filter Include="Ressourcendateien">
      <UniqueIdentifier>{67DA6AB6-F800-4c08-8B7A-83BB121AAD01}</UniqueIdentifier>
      <Extensions>rc;ico;cur;bmp;dlg;rc2;rct;bin;rgs;gif;jpg;jpeg;jpe;resx;tiff;tif;png;wav;mfcribbon-ms</Extensions>
    </Filter>
  </ItemGroup>
  <ItemGroup>
    <ClCompile Include="main.cpp">
      <Filter>Quelldateien</Filter>
    </ClCompile>
    <ClCompile Include="Graphics.cpp">
      <Filter>Quelldateien</Filter>
    </ClCompile>
    <ClCompile Include="SpriteSheet.cpp">
      <Filter>Quelldateien</Filter>
    </ClCompile>
    <ClCompile Include="Game.cpp">
      <Filter>Quelldateien</Filter>
    </ClCompile>
    <ClCompile Include="Bunny.cpp">
      <Filter>Quelldateien</Filter>
    </ClCompile>
    <ClCompile Include="obstacle.cpp">
      <Filter>Quelldateien</Filter>
    </ClCompile>
    <ClCompile Include="Carrot.cpp">
      <Filter>Quelldateien</Filter>
    </ClCompile>
    <ClCompile Include="Fox.cpp">
      <Filter>Quelldateien</Filter>
    </ClCompile>
    <ClCompile Include="Water.cpp">
      <Filter>Quelldateien</Filter>
    </ClCompile>
  </ItemGroup>
  <ItemGroup>
    <ClInclude Include="Graphics.h">
      <Filter>Headerdateien</Filter>
    </ClInclude>
    <ClInclude Include="SpriteSheet.h">
      <Filter>Headerdateien</Filter>
    </ClInclude>
    <ClInclude Include="Game.h">
      <Filter>Headerdateien</Filter>
    </ClInclude>
    <ClInclude Include="Bunny.h">
      <Filter>Headerdateien</Filter>
    </ClInclude>
    <ClInclude Include="obstacle.h">
      <Filter>Headerdateien</Filter>
    </ClInclude>
    <ClInclude Include="Carrot.h">
      <Filter>Headerdateien</Filter>
    </ClInclude>
    <ClInclude Include="Fox.h">
      <Filter>Headerdateien</Filter>
    </ClInclude>
    <ClInclude Include="Water.h">
      <Filter>Headerdateien</Filter>
    </ClInclude>
  </ItemGroup>
  <ItemGroup>
    <Image Include="test.png">
      <Filter>Ressourcendateien</Filter>
    </Image>
    <Image Include="..\..\..\..\..\Downloads\21807063.jpg">
      <Filter>Ressourcendateien</Filter>
    </Image>
    <Image Include="rabbit.png">
      <Filter>Ressourcendateien</Filter>
    </Image>
    <Image Include="deadle.png">
      <Filter>Ressourcendateien</Filter>
    </Image>
    <Image Include="carrot.png">
      <Filter>Ressourcendateien</Filter>
    </Image>
    <Image Include="fox.png">
      <Filter>Ressourcendateien</Filter>
    </Image>
    <Image Include="background.png">
      <Filter>Ressourcendateien</Filter>
    </Image>
    <Image Include="log1.PNG">
      <Filter>Ressourcendateien</Filter>
    </Image>
    <Image Include="log2.PNG">
      <Filter>Ressourcendateien</Filter>
    </Image>
    <Image Include="mushroom1.png">
      <Filter>Ressourcendateien</Filter>
    </Image>
    <Image Include="mushroom2.png">
      <Filter>Ressourcendateien</Filter>
    </Image>
    <Image Include="trunk.png">
      <Filter>Ressourcendateien</Filter>
    </Image>
    <Image Include="stone.png">
      <Filter>Ressourcendateien</Filter>
    </Image>
    <Image Include="stone2.png">
      <Filter>Ressourcendateien</Filter>
    </Image>
    <Image Include="puff.png">
      <Filter>Ressourcendateien</Filter>
    </Image>
    <Image Include="cloud.png">
      <Filter>Ressourcendateien</Filter>
    </Image>
    <Image Include="rabbitcarrot.png">
      <Filter>Ressourcendateien</Filter>
    </Image>
  </ItemGroup>
</Project>